// !$*UTF8*$!
{
	archiveVersion = 1;
	classes = {
	};
	objectVersion = 56;
	objects = {

/* Begin PBXBuildFile section */
		91C0C4132C23FD7500DFEACA /* AppDelegate.swift in Sources */ = {isa = PBXBuildFile; fileRef = 91C0C4122C23FD7500DFEACA /* AppDelegate.swift */; };
		91C0C4152C23FD7500DFEACA /* SceneDelegate.swift in Sources */ = {isa = PBXBuildFile; fileRef = 91C0C4142C23FD7500DFEACA /* SceneDelegate.swift */; };
		91C0C4172C23FD7500DFEACA /* CalculateVC.swift in Sources */ = {isa = PBXBuildFile; fileRef = 91C0C4162C23FD7500DFEACA /* CalculateVC.swift */; };
		91C0C41A2C23FD7500DFEACA /* Base in Resources */ = {isa = PBXBuildFile; fileRef = 91C0C4192C23FD7500DFEACA /* Base */; };
		91C0C41C2C23FD7700DFEACA /* Assets.xcassets in Resources */ = {isa = PBXBuildFile; fileRef = 91C0C41B2C23FD7700DFEACA /* Assets.xcassets */; };
		91C0C41F2C23FD7700DFEACA /* Base in Resources */ = {isa = PBXBuildFile; fileRef = 91C0C41E2C23FD7700DFEACA /* Base */; };
		91C0C4302C24804A00DFEACA /* ResultVC.swift in Sources */ = {isa = PBXBuildFile; fileRef = 91C0C42F2C24804A00DFEACA /* ResultVC.swift */; };
		91C7A7382C2D360B00E0878B /* BMI.swift in Sources */ = {isa = PBXBuildFile; fileRef = 91C7A7352C2D360B00E0878B /* BMI.swift */; };
		91C7A7392C2D360B00E0878B /* CalculatorBrain.swift in Sources */ = {isa = PBXBuildFile; fileRef = 91C7A7362C2D360B00E0878B /* CalculatorBrain.swift */; };
/* End PBXBuildFile section */

/* Begin PBXFileReference section */
		91C0C40F2C23FD7500DFEACA /* My BMI Calculator.app */ = {isa = PBXFileReference; explicitFileType = wrapper.application; includeInIndex = 0; path = "My BMI Calculator.app"; sourceTree = BUILT_PRODUCTS_DIR; };
		91C0C4122C23FD7500DFEACA /* AppDelegate.swift */ = {isa = PBXFileReference; lastKnownFileType = sourcecode.swift; path = AppDelegate.swift; sourceTree = "<group>"; };
		91C0C4142C23FD7500DFEACA /* SceneDelegate.swift */ = {isa = PBXFileReference; lastKnownFileType = sourcecode.swift; path = SceneDelegate.swift; sourceTree = "<group>"; };
		91C0C4162C23FD7500DFEACA /* CalculateVC.swift */ = {isa = PBXFileReference; lastKnownFileType = sourcecode.swift; path = CalculateVC.swift; sourceTree = "<group>"; };
		91C0C4192C23FD7500DFEACA /* Base */ = {isa = PBXFileReference; lastKnownFileType = file.storyboard; name = Base; path = Base.lproj/Main.storyboard; sourceTree = "<group>"; };
		91C0C41B2C23FD7700DFEACA /* Assets.xcassets */ = {isa = PBXFileReference; lastKnownFileType = folder.assetcatalog; path = Assets.xcassets; sourceTree = "<group>"; };
		91C0C41E2C23FD7700DFEACA /* Base */ = {isa = PBXFileReference; lastKnownFileType = file.storyboard; name = Base; path = Base.lproj/LaunchScreen.storyboard; sourceTree = "<group>"; };
		91C0C4202C23FD7700DFEACA /* Info.plist */ = {isa = PBXFileReference; lastKnownFileType = text.plist.xml; path = Info.plist; sourceTree = "<group>"; };
		91C0C42F2C24804A00DFEACA /* ResultVC.swift */ = {isa = PBXFileReference; lastKnownFileType = sourcecode.swift; path = ResultVC.swift; sourceTree = "<group>"; };
		91C7A7352C2D360B00E0878B /* BMI.swift */ = {isa = PBXFileReference; fileEncoding = 4; lastKnownFileType = sourcecode.swift; path = BMI.swift; sourceTree = "<group>"; };
		91C7A7362C2D360B00E0878B /* CalculatorBrain.swift */ = {isa = PBXFileReference; fileEncoding = 4; lastKnownFileType = sourcecode.swift; path = CalculatorBrain.swift; sourceTree = "<group>"; };
/* End PBXFileReference section */

/* Begin PBXFrameworksBuildPhase section */
		91C0C40C2C23FD7500DFEACA /* Frameworks */ = {
			isa = PBXFrameworksBuildPhase;
			buildActionMask = 2147483647;
			files = (
			);
			runOnlyForDeploymentPostprocessing = 0;
		};
/* End PBXFrameworksBuildPhase section */

/* Begin PBXGroup section */
		91C0C4062C23FD7500DFEACA = {
			isa = PBXGroup;
			children = (
				91C0C4112C23FD7500DFEACA /* My BMI Calculator */,
				91C0C4102C23FD7500DFEACA /* Products */,
			);
			sourceTree = "<group>";
		};
		91C0C4102C23FD7500DFEACA /* Products */ = {
			isa = PBXGroup;
			children = (
				91C0C40F2C23FD7500DFEACA /* My BMI Calculator.app */,
			);
			name = Products;
			sourceTree = "<group>";
		};
		91C0C4112C23FD7500DFEACA /* My BMI Calculator */ = {
			isa = PBXGroup;
			children = (
				91C0C4122C23FD7500DFEACA /* AppDelegate.swift */,
				91C0C4142C23FD7500DFEACA /* SceneDelegate.swift */,
				91C7A7372C2D360B00E0878B /* Models */,
				91C0C42C2C24004B00DFEACA /* Views */,
				91C0C4262C23FDC100DFEACA /* Controllers */,
				91C0C41B2C23FD7700DFEACA /* Assets.xcassets */,
				91C0C41D2C23FD7700DFEACA /* LaunchScreen.storyboard */,
				91C0C4202C23FD7700DFEACA /* Info.plist */,
			);
			path = "My BMI Calculator";
			sourceTree = "<group>";
		};
		91C0C4262C23FDC100DFEACA /* Controllers */ = {
			isa = PBXGroup;
			children = (
				91C0C4162C23FD7500DFEACA /* CalculateVC.swift */,
				91C0C42F2C24804A00DFEACA /* ResultVC.swift */,
			);
			path = Controllers;
			sourceTree = "<group>";
		};
		91C0C42C2C24004B00DFEACA /* Views */ = {
			isa = PBXGroup;
			children = (
				91C0C4182C23FD7500DFEACA /* Main.storyboard */,
			);
			path = Views;
			sourceTree = "<group>";
		};
		91C7A7372C2D360B00E0878B /* Models */ = {
			isa = PBXGroup;
			children = (
				91C7A7352C2D360B00E0878B /* BMI.swift */,
				91C7A7362C2D360B00E0878B /* CalculatorBrain.swift */,
			);
			path = Models;
			sourceTree = "<group>";
		};
/* End PBXGroup section */

/* Begin PBXNativeTarget section */
		91C0C40E2C23FD7500DFEACA /* My BMI Calculator */ = {
			isa = PBXNativeTarget;
			buildConfigurationList = 91C0C4232C23FD7700DFEACA /* Build configuration list for PBXNativeTarget "My BMI Calculator" */;
			buildPhases = (
				91C0C40B2C23FD7500DFEACA /* Sources */,
				91C0C40C2C23FD7500DFEACA /* Frameworks */,
				91C0C40D2C23FD7500DFEACA /* Resources */,
			);
			buildRules = (
			);
			dependencies = (
			);
			name = "My BMI Calculator";
			productName = "My BMI Calculator";
			productReference = 91C0C40F2C23FD7500DFEACA /* My BMI Calculator.app */;
			productType = "com.apple.product-type.application";
		};
/* End PBXNativeTarget section */

/* Begin PBXProject section */
		91C0C4072C23FD7500DFEACA /* Project object */ = {
			isa = PBXProject;
			attributes = {
				BuildIndependentTargetsInParallel = 1;
				LastSwiftUpdateCheck = 1540;
				LastUpgradeCheck = 1540;
				TargetAttributes = {
					91C0C40E2C23FD7500DFEACA = {
						CreatedOnToolsVersion = 15.4;
					};
				};
			};
			buildConfigurationList = 91C0C40A2C23FD7500DFEACA /* Build configuration list for PBXProject "My BMI Calculator" */;
			compatibilityVersion = "Xcode 14.0";
			developmentRegion = en;
			hasScannedForEncodings = 0;
			knownRegions = (
				en,
				Base,
			);
			mainGroup = 91C0C4062C23FD7500DFEACA;
			productRefGroup = 91C0C4102C23FD7500DFEACA /* Products */;
			projectDirPath = "";
			projectRoot = "";
			targets = (
				91C0C40E2C23FD7500DFEACA /* My BMI Calculator */,
			);
		};
/* End PBXProject section */

/* Begin PBXResourcesBuildPhase section */
		91C0C40D2C23FD7500DFEACA /* Resources */ = {
			isa = PBXResourcesBuildPhase;
			buildActionMask = 2147483647;
			files = (
				91C0C41C2C23FD7700DFEACA /* Assets.xcassets in Resources */,
				91C0C41F2C23FD7700DFEACA /* Base in Resources */,
				91C0C41A2C23FD7500DFEACA /* Base in Resources */,
			);
			runOnlyForDeploymentPostprocessing = 0;
		};
/* End PBXResourcesBuildPhase section */

/* Begin PBXSourcesBuildPhase section */
		91C0C40B2C23FD7500DFEACA /* Sources */ = {
			isa = PBXSourcesBuildPhase;
			buildActionMask = 2147483647;
			files = (
				91C7A7392C2D360B00E0878B /* CalculatorBrain.swift in Sources */,
				91C7A7382C2D360B00E0878B /* BMI.swift in Sources */,
				91C0C4302C24804A00DFEACA /* ResultVC.swift in Sources */,
				91C0C4172C23FD7500DFEACA /* CalculateVC.swift in Sources */,
				91C0C4132C23FD7500DFEACA /* AppDelegate.swift in Sources */,
				91C0C4152C23FD7500DFEACA /* SceneDelegate.swift in Sources */,
			);
			runOnlyForDeploymentPostprocessing = 0;
		};
/* End PBXSourcesBuildPhase section */

/* Begin PBXVariantGroup section */
		91C0C4182C23FD7500DFEACA /* Main.storyboard */ = {
			isa = PBXVariantGroup;
			children = (
				91C0C4192C23FD7500DFEACA /* Base */,
			);
			name = Main.storyboard;
			sourceTree = "<group>";
		};
		91C0C41D2C23FD7700DFEACA /* LaunchScreen.storyboard */ = {
			isa = PBXVariantGroup;
			children = (
				91C0C41E2C23FD7700DFEACA /* Base */,
			);
			name = LaunchScreen.storyboard;
			sourceTree = "<group>";
		};
/* End PBXVariantGroup section */

/* Begin XCBuildConfiguration section */
		91C0C4212C23FD7700DFEACA /* Debug */ = {
			isa = XCBuildConfiguration;
			buildSettings = {
				ALWAYS_SEARCH_USER_PATHS = NO;
				ASSETCATALOG_COMPILER_GENERATE_SWIFT_ASSET_SYMBOL_EXTENSIONS = YES;
				CLANG_ANALYZER_NONNULL = YES;
				CLANG_ANALYZER_NUMBER_OBJECT_CONVERSION = YES_AGGRESSIVE;
				CLANG_CXX_LANGUAGE_STANDARD = "gnu++20";
				CLANG_ENABLE_MODULES = YES;
				CLANG_ENABLE_OBJC_ARC = YES;
				CLANG_ENABLE_OBJC_WEAK = YES;
				CLANG_WARN_BLOCK_CAPTURE_AUTORELEASING = YES;
				CLANG_WARN_BOOL_CONVERSION = YES;
				CLANG_WARN_COMMA = YES;
				CLANG_WARN_CONSTANT_CONVERSION = YES;
				CLANG_WARN_DEPRECATED_OBJC_IMPLEMENTATIONS = YES;
				CLANG_WARN_DIRECT_OBJC_ISA_USAGE = YES_ERROR;
				CLANG_WARN_DOCUMENTATION_COMMENTS = YES;
				CLANG_WARN_EMPTY_BODY = YES;
				CLANG_WARN_ENUM_CONVERSION = YES;
				CLANG_WARN_INFINITE_RECURSION = YES;
				CLANG_WARN_INT_CONVERSION = YES;
				CLANG_WARN_NON_LITERAL_NULL_CONVERSION = YES;
				CLANG_WARN_OBJC_IMPLICIT_RETAIN_SELF = YES;
				CLANG_WARN_OBJC_LITERAL_CONVERSION = YES;
				CLANG_WARN_OBJC_ROOT_CLASS = YES_ERROR;
				CLANG_WARN_QUOTED_INCLUDE_IN_FRAMEWORK_HEADER = YES;
				CLANG_WARN_RANGE_LOOP_ANALYSIS = YES;
				CLANG_WARN_STRICT_PROTOTYPES = YES;
				CLANG_WARN_SUSPICIOUS_MOVE = YES;
				CLANG_WARN_UNGUARDED_AVAILABILITY = YES_AGGRESSIVE;
				CLANG_WARN_UNREACHABLE_CODE = YES;
				CLANG_WARN__DUPLICATE_METHOD_MATCH = YES;
				COPY_PHASE_STRIP = NO;
				DEBUG_INFORMATION_FORMAT = dwarf;
				ENABLE_STRICT_OBJC_MSGSEND = YES;
				ENABLE_TESTABILITY = YES;
				ENABLE_USER_SCRIPT_SANDBOXING = YES;
				GCC_C_LANGUAGE_STANDARD = gnu17;
				GCC_DYNAMIC_NO_PIC = NO;
				GCC_NO_COMMON_BLOCKS = YES;
				GCC_OPTIMIZATION_LEVEL = 0;
				GCC_PREPROCESSOR_DEFINITIONS = (
					"DEBUG=1",
					"$(inherited)",
				);
				GCC_WARN_64_TO_32_BIT_CONVERSION = YES;
				GCC_WARN_ABOUT_RETURN_TYPE = YES_ERROR;
				GCC_WARN_UNDECLARED_SELECTOR = YES;
				GCC_WARN_UNINITIALIZED_AUTOS = YES_AGGRESSIVE;
				GCC_WARN_UNUSED_FUNCTION = YES;
				GCC_WARN_UNUSED_VARIABLE = YES;
				IPHONEOS_DEPLOYMENT_TARGET = 17.5;
				LOCALIZATION_PREFERS_STRING_CATALOGS = YES;
				MTL_ENABLE_DEBUG_INFO = INCLUDE_SOURCE;
				MTL_FAST_MATH = YES;
				ONLY_ACTIVE_ARCH = YES;
				SDKROOT = iphoneos;
				SWIFT_ACTIVE_COMPILATION_CONDITIONS = "DEBUG $(inherited)";
				SWIFT_OPTIMIZATION_LEVEL = "-Onone";
			};
			name = Debug;
		};
		91C0C4222C23FD7700DFEACA /* Release */ = {
			isa = XCBuildConfiguration;
			buildSettings = {
				ALWAYS_SEARCH_USER_PATHS = NO;
				ASSETCATALOG_COMPILER_GENERATE_SWIFT_ASSET_SYMBOL_EXTENSIONS = YES;
				CLANG_ANALYZER_NONNULL = YES;
				CLANG_ANALYZER_NUMBER_OBJECT_CONVERSION = YES_AGGRESSIVE;
				CLANG_CXX_LANGUAGE_STANDARD = "gnu++20";
				CLANG_ENABLE_MODULES = YES;
				CLANG_ENABLE_OBJC_ARC = YES;
				CLANG_ENABLE_OBJC_WEAK = YES;
				CLANG_WARN_BLOCK_CAPTURE_AUTORELEASING = YES;
				CLANG_WARN_BOOL_CONVERSION = YES;
				CLANG_WARN_COMMA = YES;
				CLANG_WARN_CONSTANT_CONVERSION = YES;
				CLANG_WARN_DEPRECATED_OBJC_IMPLEMENTATIONS = YES;
				CLANG_WARN_DIRECT_OBJC_ISA_USAGE = YES_ERROR;
				CLANG_WARN_DOCUMENTATION_COMMENTS = YES;
				CLANG_WARN_EMPTY_BODY = YES;
				CLANG_WARN_ENUM_CONVERSION = YES;
				CLANG_WARN_INFINITE_RECURSION = YES;
				CLANG_WARN_INT_CONVERSION = YES;
				CLANG_WARN_NON_LITERAL_NULL_CONVERSION = YES;
				CLANG_WARN_OBJC_IMPLICIT_RETAIN_SELF = YES;
				CLANG_WARN_OBJC_LITERAL_CONVERSION = YES;
				CLANG_WARN_OBJC_ROOT_CLASS = YES_ERROR;
				CLANG_WARN_QUOTED_INCLUDE_IN_FRAMEWORK_HEADER = YES;
				CLANG_WARN_RANGE_LOOP_ANALYSIS = YES;
				CLANG_WARN_STRICT_PROTOTYPES = YES;
				CLANG_WARN_SUSPICIOUS_MOVE = YES;
				CLANG_WARN_UNGUARDED_AVAILABILITY = YES_AGGRESSIVE;
				CLANG_WARN_UNREACHABLE_CODE = YES;
				CLANG_WARN__DUPLICATE_METHOD_MATCH = YES;
				COPY_PHASE_STRIP = NO;
				DEBUG_INFORMATION_FORMAT = "dwarf-with-dsym";
				ENABLE_NS_ASSERTIONS = NO;
				ENABLE_STRICT_OBJC_MSGSEND = YES;
				ENABLE_USER_SCRIPT_SANDBOXING = YES;
				GCC_C_LANGUAGE_STANDARD = gnu17;
				GCC_NO_COMMON_BLOCKS = YES;
				GCC_WARN_64_TO_32_BIT_CONVERSION = YES;
				GCC_WARN_ABOUT_RETURN_TYPE = YES_ERROR;
				GCC_WARN_UNDECLARED_SELECTOR = YES;
				GCC_WARN_UNINITIALIZED_AUTOS = YES_AGGRESSIVE;
				GCC_WARN_UNUSED_FUNCTION = YES;
				GCC_WARN_UNUSED_VARIABLE = YES;
				IPHONEOS_DEPLOYMENT_TARGET = 17.5;
				LOCALIZATION_PREFERS_STRING_CATALOGS = YES;
				MTL_ENABLE_DEBUG_INFO = NO;
				MTL_FAST_MATH = YES;
				SDKROOT = iphoneos;
				SWIFT_COMPILATION_MODE = wholemodule;
				VALIDATE_PRODUCT = YES;
			};
			name = Release;
		};
		91C0C4242C23FD7700DFEACA /* Debug */ = {
			isa = XCBuildConfiguration;
			buildSettings = {
				ASSETCATALOG_COMPILER_APPICON_NAME = AppIcon;
				ASSETCATALOG_COMPILER_GLOBAL_ACCENT_COLOR_NAME = AccentColor;
				CODE_SIGN_STYLE = Automatic;
				CURRENT_PROJECT_VERSION = 1;
				DEVELOPMENT_TEAM = SR67W5387D;
				GENERATE_INFOPLIST_FILE = YES;
				INFOPLIST_FILE = "My BMI Calculator/Info.plist";
				INFOPLIST_KEY_UIApplicationSupportsIndirectInputEvents = YES;
				INFOPLIST_KEY_UILaunchStoryboardName = LaunchScreen;
				INFOPLIST_KEY_UIMainStoryboardFile = Main;
				INFOPLIST_KEY_UISupportedInterfaceOrientations_iPad = "UIInterfaceOrientationPortrait UIInterfaceOrientationPortraitUpsideDown UIInterfaceOrientationLandscapeLeft UIInterfaceOrientationLandscapeRight";
				INFOPLIST_KEY_UISupportedInterfaceOrientations_iPhone = "UIInterfaceOrientationPortrait UIInterfaceOrientationLandscapeLeft UIInterfaceOrientationLandscapeRight";
				LD_RUNPATH_SEARCH_PATHS = (
					"$(inherited)",
					"@executable_path/Frameworks",
				);
				MARKETING_VERSION = 1.0;
				PRODUCT_BUNDLE_IDENTIFIER = "oi.inoyang.My-BMI-Calculator";
				PRODUCT_NAME = "$(TARGET_NAME)";
				SWIFT_EMIT_LOC_STRINGS = YES;
				SWIFT_VERSION = 5.0;
				TARGETED_DEVICE_FAMILY = "1,2";
			};
			name = Debug;
		};
		91C0C4252C23FD7700DFEACA /* Release */ = {
			isa = XCBuildConfiguration;
			buildSettings = {
				ASSETCATALOG_COMPILER_APPICON_NAME = AppIcon;
				ASSETCATALOG_COMPILER_GLOBAL_ACCENT_COLOR_NAME = AccentColor;
				CODE_SIGN_STYLE = Automatic;
				CURRENT_PROJECT_VERSION = 1;
				DEVELOPMENT_TEAM = SR67W5387D;
				GENERATE_INFOPLIST_FILE = YES;
				INFOPLIST_FILE = "My BMI Calculator/Info.plist";
				INFOPLIST_KEY_UIApplicationSupportsIndirectInputEvents = YES;
				INFOPLIST_KEY_UILaunchStoryboardName = LaunchScreen;
				INFOPLIST_KEY_UIMainStoryboardFile = Main;
				INFOPLIST_KEY_UISupportedInterfaceOrientations_iPad = "UIInterfaceOrientationPortrait UIInterfaceOrientationPortraitUpsideDown UIInterfaceOrientationLandscapeLeft UIInterfaceOrientationLandscapeRight";
				INFOPLIST_KEY_UISupportedInterfaceOrientations_iPhone = "UIInterfaceOrientationPortrait UIInterfaceOrientationLandscapeLeft UIInterfaceOrientationLandscapeRight";
				LD_RUNPATH_SEARCH_PATHS = (
					"$(inherited)",
					"@executable_path/Frameworks",
				);
				MARKETING_VERSION = 1.0;
				PRODUCT_BUNDLE_IDENTIFIER = "oi.inoyang.My-BMI-Calculator";
				PRODUCT_NAME = "$(TARGET_NAME)";
				SWIFT_EMIT_LOC_STRINGS = YES;
				SWIFT_VERSION = 5.0;
				TARGETED_DEVICE_FAMILY = "1,2";
			};
			name = Release;
		};
/* End XCBuildConfiguration section */

/* Begin XCConfigurationList section */
		91C0C40A2C23FD7500DFEACA /* Build configuration list for PBXProject "My BMI Calculator" */ = {
			isa = XCConfigurationList;
			buildConfigurations = (
				91C0C4212C23FD7700DFEACA /* Debug */,
				91C0C4222C23FD7700DFEACA /* Release */,
			);
			defaultConfigurationIsVisible = 0;
			defaultConfigurationName = Release;
		};
		91C0C4232C23FD7700DFEACA /* Build configuration list for PBXNativeTarget "My BMI Calculator" */ = {
			isa = XCConfigurationList;
			buildConfigurations = (
				91C0C4242C23FD7700DFEACA /* Debug */,
				91C0C4252C23FD7700DFEACA /* Release */,
			);
			defaultConfigurationIsVisible = 0;
			defaultConfigurationName = Release;
		};
/* End XCConfigurationList section */
	};
	rootObject = 91C0C4072C23FD7500DFEACA /* Project object */;
}
